{
  "version": 4,
  "terraform_version": "1.12.0",
  "serial": 2,
  "lineage": "588969da-7be6-ddbe-0590-28c64094bae9",
  "outputs": {
    "myapp-repository-URL": {
      "value": "058264118467.dkr.ecr.us-east-1.amazonaws.com/myapp-poc",
      "type": "string"
    }
  },
  "resources": [
    {
      "mode": "managed",
      "type": "aws_ecr_repository",
      "name": "myapp",
      "provider": "provider[\"registry.terraform.io/hashicorp/aws\"]",
      "instances": [
        {
          "schema_version": 0,
          "attributes": {
            "arn": "arn:aws:ecr:us-east-1:058264118467:repository/myapp-poc",
            "encryption_configuration": [
              {
                "encryption_type": "AES256",
                "kms_key": ""
              }
            ],
            "force_delete": null,
            "id": "myapp-poc",
            "image_scanning_configuration": [
              {
                "scan_on_push": false
              }
            ],
            "image_tag_mutability": "MUTABLE",
            "name": "myapp-poc",
            "registry_id": "058264118467",
            "repository_url": "058264118467.dkr.ecr.us-east-1.amazonaws.com/myapp-poc",
            "tags": null,
            "tags_all": {},
            "timeouts": null
          },
          "sensitive_attributes": [],
          "identity_schema_version": 0,
          "private": "eyJlMmJmYjczMC1lY2FhLTExZTYtOGY4OC0zNDM2M2JjN2M0YzAiOnsiZGVsZXRlIjoxMjAwMDAwMDAwMDAwfX0="
        }
      ]
    }
  ],
  "check_results": null
}
